lockfileVersion: '9.0'

settings:
  autoInstallPeers: true
  excludeLinksFromLockfile: false

importers:

  .:
    dependencies:
      '@niceties/draftlog-appender':
        specifier: ^1.3.3
        version: 1.3.3(@niceties/logger@1.1.13)
      '@niceties/logger':
        specifier: ^1.1.13
        version: 1.1.13
      async-functions-pool:
        specifier: 1.0.1
        version: 1.0.1
      cleye:
        specifier: 1.3.2
        version: 1.3.2
      kleur:
        specifier: 4.1.5
        version: 4.1.5
      pkgbld:
        specifier: ^1.32.0
        version: 1.32.0(typescript@5.5.3)
      terminal-columns:
        specifier: 1.4.1
        version: 1.4.1
    devDependencies:
      '@types/node':
        specifier: ^20.x.x
        version: 20.14.9

packages:

  '@isaacs/cliui@8.0.2':
    resolution: {integrity: sha512-O8jcjabXaleOG9DQ0+ARXWZBTfnP4WNAqzuiJK7ll44AmxGKv/J2M4TPjxjY3znBCfvBXFzucm1twdyFybFqEA==}
    engines: {node: '>=12'}

  '@jridgewell/gen-mapping@0.3.5':
    resolution: {integrity: sha512-IzL8ZoEDIBRWEzlCcRhOaCupYyN5gdIK+Q6fbFdPDg6HqX6jpkItn7DFIpW9LQzXG6Df9sA7+OKnq0qlz/GaQg==}
    engines: {node: '>=6.0.0'}

  '@jridgewell/resolve-uri@3.1.2':
    resolution: {integrity: sha512-bRISgCIjP20/tbWSPWMEi54QVPRZExkuD9lJL+UIxUKtwVJA8wW1Trb1jMs1RFXo1CBTNZ/5hpC9QvmKWdopKw==}
    engines: {node: '>=6.0.0'}

  '@jridgewell/set-array@1.2.1':
    resolution: {integrity: sha512-R8gLRTZeyp03ymzP/6Lil/28tGeGEzhx1q2k703KGWRAI1VdvPIXdG70VJc2pAMw3NA6JKL5hhFu1sJX0Mnn/A==}
    engines: {node: '>=6.0.0'}

  '@jridgewell/source-map@0.3.6':
    resolution: {integrity: sha512-1ZJTZebgqllO79ue2bm3rIGud/bOe0pP5BjSRCRxxYkEZS8STV7zN84UBbiYu7jy+eCKSnVIUgoWWE/tt+shMQ==}

  '@jridgewell/sourcemap-codec@1.4.15':
    resolution: {integrity: sha512-eF2rxCRulEKXHTRiDrDy6erMYWqNw4LPdQ8UQA4huuxaQsVeRPFl2oM8oDGxMFhJUWZf9McpLtJasDDZb/Bpeg==}

  '@jridgewell/trace-mapping@0.3.25':
    resolution: {integrity: sha512-vNk6aEwybGtawWmy/PzwnGDOjCkLWSD2wqvjGGAgOAwCGWySYXfYoxt00IJkTF+8Lb57DwOb3Aa0o9CApepiYQ==}

  '@niceties/draftlog-appender@1.3.3':
    resolution: {integrity: sha512-F2o0wRlZsFhQWf6H7Fsd5QkvUtIEZU9zYd4ahpvlHARc6k1/r7/Wj1LKvGsw7IYzb2wZ/CZYpewGoDP+ydaHbA==}
    engines: {node: '>=15'}
    peerDependencies:
      '@niceties/logger': ^1.1.13

  '@niceties/logger@1.1.13':
    resolution: {integrity: sha512-yorxAcjtpxCgZQy1o4Lq3Umr2rzwHyMN9dZCgZBKXIFkxlhsIH7olQFPSLJdvRmQC+4iaPFcPIq1WvN1ObtPBA==}
    engines: {node: '>=15'}

  '@pkgjs/parseargs@0.11.0':
    resolution: {integrity: sha512-+1VkjdD0QBLPodGrJUeqarH8VAIvQODIbwh9XpP5Syisf7YoQgsJKPNFoqqLQlu+VQ/tVSshMR6loPMn8U+dPg==}
    engines: {node: '>=14'}

  '@rollup-extras/plugin-binify@1.1.10':
    resolution: {integrity: sha512-nXvdJQqIdUp1ZajuPXs4q3e+Z9VkNTkUqvKeMzsB1MutVitYe3s3MA2RTgK/zkc6NGRI8V9VioMLFUum5780Og==}
    engines: {node: '>=15'}
    peerDependencies:
      rollup: ^2.60.1 || ^3.0.0 || ^4.0.0
    peerDependenciesMeta:
      rollup:
        optional: true

  '@rollup-extras/plugin-clean@1.3.9':
    resolution: {integrity: sha512-BxJrxI5iq/hpTTfp2VVjfgzuDKtcpUDLwDPXByLLz1CnReDnzPlHTqxHpOdWDv8L26yjuAagnoDPTxIW6NrUmw==}
    engines: {node: '>=15'}
    peerDependencies:
      rollup: ^2.60.1 || ^3.0.0 || ^4.0.0
    peerDependenciesMeta:
      rollup:
        optional: true

  '@rollup-extras/plugin-externals@1.2.2':
    resolution: {integrity: sha512-6I53ViN6IKez+RetiJXQ3BPHhSv+JyhB2HrfjjeDRPknaId5+MzMJ52n5bsbDTb8ZPTvPwrvU9XmRH30Emd6Cw==}
    engines: {node: '>=15'}
    peerDependencies:
      rollup: ^2.60.1 || ^3.0.0 || ^4.0.0
    peerDependenciesMeta:
      rollup:
        optional: true

  '@rollup-extras/utils@1.4.5':
    resolution: {integrity: sha512-XVz+UhdyVNGeEmlV99QPwZLGpkUS1iOAapEwrWz1CszLq0aTkEUWtCdtad8Ce0qt2TU8dR2qH9/kuO6pBF61qw==}
    engines: {node: '>=15'}
    peerDependencies:
      rollup: ^2.60.1 || ^3.0.0 || ^4.0.0
    peerDependenciesMeta:
      rollup:
        optional: true

  '@rollup/plugin-commonjs@26.0.1':
    resolution: {integrity: sha512-UnsKoZK6/aGIH6AdkptXhNvhaqftcjq3zZdT+LY5Ftms6JR06nADcDsYp5hTU9E2lbJUEOhdlY5J4DNTneM+jQ==}
    engines: {node: '>=16.0.0 || 14 >= 14.17'}
    peerDependencies:
      rollup: ^2.68.0||^3.0.0||^4.0.0
    peerDependenciesMeta:
      rollup:
        optional: true

  '@rollup/plugin-json@6.1.0':
    resolution: {integrity: sha512-EGI2te5ENk1coGeADSIwZ7G2Q8CJS2sF120T7jLw4xFw9n7wIOXHo+kIYRAoVpJAN+kmqZSoO3Fp4JtoNF4ReA==}
    engines: {node: '>=14.0.0'}
    peerDependencies:
      rollup: ^1.20.0||^2.0.0||^3.0.0||^4.0.0
    peerDependenciesMeta:
      rollup:
        optional: true

  '@rollup/plugin-node-resolve@15.2.3':
    resolution: {integrity: sha512-j/lym8nf5E21LwBT4Df1VD6hRO2L2iwUeUmP7litikRsVp1H6NWx20NEp0Y7su+7XGc476GnXXc4kFeZNGmaSQ==}
    engines: {node: '>=14.0.0'}
    peerDependencies:
      rollup: ^2.78.0||^3.0.0||^4.0.0
    peerDependenciesMeta:
      rollup:
        optional: true

  '@rollup/plugin-terser@0.4.4':
    resolution: {integrity: sha512-XHeJC5Bgvs8LfukDwWZp7yeqin6ns8RTl2B9avbejt6tZqsqvVoWI7ZTQrcNsfKEDWBTnTxM8nMDkO2IFFbd0A==}
    engines: {node: '>=14.0.0'}
    peerDependencies:
      rollup: ^2.0.0||^3.0.0||^4.0.0
    peerDependenciesMeta:
      rollup:
        optional: true

  '@rollup/pluginutils@4.2.1':
    resolution: {integrity: sha512-iKnFXr7NkdZAIHiIWE+BX5ULi/ucVFYWD6TbAV+rZctiRTY2PL6tsIKhoIOaoskiWAkgu+VsbXgUVDNLHf+InQ==}
    engines: {node: '>= 8.0.0'}

  '@rollup/pluginutils@5.1.0':
    resolution: {integrity: sha512-XTIWOPPcpvyKI6L1NHo0lFlCyznUEyPmPY1mc3KpPVDYulHSTvyeLNVW00QTLIAFNhR3kYnJTQHeGqU4M3n09g==}
    engines: {node: '>=14.0.0'}
    peerDependencies:
      rollup: ^1.20.0||^2.0.0||^3.0.0||^4.0.0
    peerDependenciesMeta:
      rollup:
        optional: true

  '@rollup/rollup-android-arm-eabi@4.18.0':
    resolution: {integrity: sha512-Tya6xypR10giZV1XzxmH5wr25VcZSncG0pZIjfePT0OVBvqNEurzValetGNarVrGiq66EBVAFn15iYX4w6FKgQ==}
    cpu: [arm]
    os: [android]

  '@rollup/rollup-android-arm64@4.18.0':
    resolution: {integrity: sha512-avCea0RAP03lTsDhEyfy+hpfr85KfyTctMADqHVhLAF3MlIkq83CP8UfAHUssgXTYd+6er6PaAhx/QGv4L1EiA==}
    cpu: [arm64]
    os: [android]

  '@rollup/rollup-darwin-arm64@4.18.0':
    resolution: {integrity: sha512-IWfdwU7KDSm07Ty0PuA/W2JYoZ4iTj3TUQjkVsO/6U+4I1jN5lcR71ZEvRh52sDOERdnNhhHU57UITXz5jC1/w==}
    cpu: [arm64]
    os: [darwin]

  '@rollup/rollup-darwin-x64@4.18.0':
    resolution: {integrity: sha512-n2LMsUz7Ynu7DoQrSQkBf8iNrjOGyPLrdSg802vk6XT3FtsgX6JbE8IHRvposskFm9SNxzkLYGSq9QdpLYpRNA==}
    cpu: [x64]
    os: [darwin]

  '@rollup/rollup-linux-arm-gnueabihf@4.18.0':
    resolution: {integrity: sha512-C/zbRYRXFjWvz9Z4haRxcTdnkPt1BtCkz+7RtBSuNmKzMzp3ZxdM28Mpccn6pt28/UWUCTXa+b0Mx1k3g6NOMA==}
    cpu: [arm]
    os: [linux]

  '@rollup/rollup-linux-arm-musleabihf@4.18.0':
    resolution: {integrity: sha512-l3m9ewPgjQSXrUMHg93vt0hYCGnrMOcUpTz6FLtbwljo2HluS4zTXFy2571YQbisTnfTKPZ01u/ukJdQTLGh9A==}
    cpu: [arm]
    os: [linux]

  '@rollup/rollup-linux-arm64-gnu@4.18.0':
    resolution: {integrity: sha512-rJ5D47d8WD7J+7STKdCUAgmQk49xuFrRi9pZkWoRD1UeSMakbcepWXPF8ycChBoAqs1pb2wzvbY6Q33WmN2ftw==}
    cpu: [arm64]
    os: [linux]

  '@rollup/rollup-linux-arm64-musl@4.18.0':
    resolution: {integrity: sha512-be6Yx37b24ZwxQ+wOQXXLZqpq4jTckJhtGlWGZs68TgdKXJgw54lUUoFYrg6Zs/kjzAQwEwYbp8JxZVzZLRepQ==}
    cpu: [arm64]
    os: [linux]

  '@rollup/rollup-linux-powerpc64le-gnu@4.18.0':
    resolution: {integrity: sha512-hNVMQK+qrA9Todu9+wqrXOHxFiD5YmdEi3paj6vP02Kx1hjd2LLYR2eaN7DsEshg09+9uzWi2W18MJDlG0cxJA==}
    cpu: [ppc64]
    os: [linux]

  '@rollup/rollup-linux-riscv64-gnu@4.18.0':
    resolution: {integrity: sha512-ROCM7i+m1NfdrsmvwSzoxp9HFtmKGHEqu5NNDiZWQtXLA8S5HBCkVvKAxJ8U+CVctHwV2Gb5VUaK7UAkzhDjlg==}
    cpu: [riscv64]
    os: [linux]

  '@rollup/rollup-linux-s390x-gnu@4.18.0':
    resolution: {integrity: sha512-0UyyRHyDN42QL+NbqevXIIUnKA47A+45WyasO+y2bGJ1mhQrfrtXUpTxCOrfxCR4esV3/RLYyucGVPiUsO8xjg==}
    cpu: [s390x]
    os: [linux]

  '@rollup/rollup-linux-x64-gnu@4.18.0':
    resolution: {integrity: sha512-xuglR2rBVHA5UsI8h8UbX4VJ470PtGCf5Vpswh7p2ukaqBGFTnsfzxUBetoWBWymHMxbIG0Cmx7Y9qDZzr648w==}
    cpu: [x64]
    os: [linux]

  '@rollup/rollup-linux-x64-musl@4.18.0':
    resolution: {integrity: sha512-LKaqQL9osY/ir2geuLVvRRs+utWUNilzdE90TpyoX0eNqPzWjRm14oMEE+YLve4k/NAqCdPkGYDaDF5Sw+xBfg==}
    cpu: [x64]
    os: [linux]

  '@rollup/rollup-win32-arm64-msvc@4.18.0':
    resolution: {integrity: sha512-7J6TkZQFGo9qBKH0pk2cEVSRhJbL6MtfWxth7Y5YmZs57Pi+4x6c2dStAUvaQkHQLnEQv1jzBUW43GvZW8OFqA==}
    cpu: [arm64]
    os: [win32]

  '@rollup/rollup-win32-ia32-msvc@4.18.0':
    resolution: {integrity: sha512-Txjh+IxBPbkUB9+SXZMpv+b/vnTEtFyfWZgJ6iyCmt2tdx0OF5WhFowLmnh8ENGNpfUlUZkdI//4IEmhwPieNg==}
    cpu: [ia32]
    os: [win32]

  '@rollup/rollup-win32-x64-msvc@4.18.0':
    resolution: {integrity: sha512-UOo5FdvOL0+eIVTgS4tIdbW+TtnBLWg1YBCcU2KWM7nuNwRz9bksDX1bekJJCpu25N1DVWaCwnT39dVQxzqS8g==}
    cpu: [x64]
    os: [win32]

  '@slimlib/list@1.0.10':
    resolution: {integrity: sha512-RY+o8ywbIcatp6jMZ/HSQYcMZ/Ezv/rQzKY6Un0n37KHct00REXXdH14zrXvBb1PF/BT6SHVle9TcJDHTQBfbw==}

  '@slimlib/refine-partition@1.0.3':
    resolution: {integrity: sha512-Mkgy1JqyL9qKK2juRu+JA0OKQjFG/bXV7KHEIzErBxzvCgHcFS+TFQZ6cinhD6EwU3iC8PJbzNbRE6Kfr+6OOA==}
    engines: {node: '>=15'}

  '@slimlib/smart-mock@0.1.6':
    resolution: {integrity: sha512-ApGREOKWPUvSOLeLn/PvZnP0LdQl80P7j5VcMYsLUsKbwNqAaEcrqq8gQluiNSV7BF2ophJWbutp+6W75yfAtg==}
    engines: {node: '>=15'}

  '@types/estree@1.0.5':
    resolution: {integrity: sha512-/kYRxGDLWzHOB7q+wtSUQlFrtcdUccpfy+X+9iMBpHK8QLLhx2wIPYuS5DYtR9Wa/YlZAbIovy7qVdB1Aq6Lyw==}

  '@types/node@20.14.9':
    resolution: {integrity: sha512-06OCtnTXtWOZBJlRApleWndH4JsRVs1pDCc8dLSQp+7PpUpX3ePdHyeNSFTeSe7FtKyQkrlPvHwJOW3SLd8Oyg==}

  '@types/resolve@1.20.2':
    resolution: {integrity: sha512-60BCwRFOZCQhDncwQdxxeOEEkbc5dIMccYLwbxsS4TUNeVECQ/pBJ0j09mrHOl/JJvpRPGwO9SvE4nR2Nb/a4Q==}

  acorn@8.12.0:
    resolution: {integrity: sha512-RTvkC4w+KNXrM39/lWCUaG0IbRkWdCv7W/IOW9oU6SawyxulvkQy5HQPVTKxEjczcUvapcrw3cFx/60VN/NRNw==}
    engines: {node: '>=0.4.0'}
    hasBin: true

  ansi-regex@5.0.1:
    resolution: {integrity: sha512-quJQXlTSUGL2LH9SUXo8VwsY4soanhgo6LNSm84E1LBcE8s3O0wpdiRzyR9z/ZZJMlMWv37qOOb9pdJlMUEKFQ==}
    engines: {node: '>=8'}

  ansi-regex@6.0.1:
    resolution: {integrity: sha512-n5M855fKb2SsfMIiFFoVrABHJC8QtHwVx+mHWP3QcEqBHYienj5dHSgjbxtC0WEZXYt4wcD6zrQElDPhFuZgfA==}
    engines: {node: '>=12'}

  ansi-styles@4.3.0:
    resolution: {integrity: sha512-zbB9rCJAT1rbjiVDb2hqKFHNYLxgtk8NURxZ3IZwD3F6NtxbXZQCnnSi1Lkx+IDohdPlFp222wVALIheZJQSEg==}
    engines: {node: '>=8'}

  ansi-styles@6.2.1:
    resolution: {integrity: sha512-bN798gFfQX+viw3R7yrGWRqnrN2oRkEkUjjl4JNn4E8GxxbjtG3FbrEIIY3l8/hrwUwIeCZvi4QuOTP4MErVug==}
    engines: {node: '>=12'}

  async-functions-pool@1.0.1:
    resolution: {integrity: sha512-Gk1RR7TVNeZ+53QzeNfdp7+JX8/9N5eXvLHCMYjeUJgJx2w59ZakH7mzO0FqIZRLOT3dJlrT/AyCuQWHY/gX6w==}

  balanced-match@1.0.2:
    resolution: {integrity: sha512-3oSeUO0TMV67hN1AmbXsK4yaqU7tjiHlbxRDZOpH0KW9+CeX4bRAaX0Anxt0tx2MrpRpWwQaPwIlISEJhYU5Pw==}

  brace-expansion@2.0.1:
    resolution: {integrity: sha512-XnAIvQ8eM+kC6aULx6wuQiwVsnzsi9d3WxzV3FpWTGA19F621kwdbsAcFKXgKUHZWsy+mY6iL1sHTxWEFCytDA==}

  buffer-from@1.1.2:
    resolution: {integrity: sha512-E+XQCRwSbaaiChtv6k6Dwgc+bx+Bs6vuKJHHl5kox/BaKbhiXzqQOwK4cO22yElGp2OCmjwVhT3HmxgyPGnJfQ==}

  builtin-modules@3.3.0:
    resolution: {integrity: sha512-zhaCDicdLuWN5UbN5IMnFqNMhNfo919sH85y2/ea+5Yg9TsTkeZxpL+JLbp6cgYFS4sRLp3YV4S6yDuqVWHYOw==}
    engines: {node: '>=6'}

  cleye@1.3.2:
    resolution: {integrity: sha512-MngIC2izcCz07iRKr3Pe8Z6ZBv4zbKFl/YnQEN/aMHis6PpH+MxI2e6n0bMUAmSVlMoAyQkdBCSTbfDmtcSovQ==}

  color-convert@2.0.1:
    resolution: {integrity: sha512-RRECPsj7iu/xb5oKYcsFHSppFNnsj/52OVTRKb4zP5onXwVF3zVmmToNcOfGC+CRDpfK/U584fMg38ZHCaElKQ==}
    engines: {node: '>=7.0.0'}

  color-name@1.1.4:
    resolution: {integrity: sha512-dOy+3AuW3a2wNbZHIuMZpTcgjGuLU/uBL/ubcZF9OXbDo8ff4O8yVp5Bf0efS8uEoYo5q4Fx7dY9OgQGXgAsQA==}

  commander@2.20.3:
    resolution: {integrity: sha512-GpVkmM8vF2vQUkj2LvZmD35JxeJOLCwJ9cUkugyk2nuhbv3+mJvpLYYt+0+USMxE+oj+ey/lJEnhZw75x/OMcQ==}

  commondir@1.0.1:
    resolution: {integrity: sha512-W9pAhw0ja1Edb5GVdIF1mjZw/ASI0AlShXM83UUGe2DVr5TdAPEA1OA8m/g8zWp9x6On7gqufY+FatDbC3MDQg==}

  cross-spawn@7.0.3:
    resolution: {integrity: sha512-iRDPJKUPVEND7dHPO8rkbOnPpyDygcDFtWjpeWNCgy8WP2rXcxXL8TskReQl6OrB2G7+UJrags1q15Fudc7G6w==}
    engines: {node: '>= 8'}

  deepmerge@4.3.1:
    resolution: {integrity: sha512-3sUqbMEc77XqpdNO7FRyRog+eW3ph+GYCbj+rK+uYyRMuwsVy0rMiVtPn+QJlKFvWP/1PYpapqYn0Me2knFn+A==}
    engines: {node: '>=0.10.0'}

  draftlog@1.0.13:
    resolution: {integrity: sha512-GeMWOpXERBpfVDK6v7m0x1hPg8+g8ZsZWqJl2T17wHqrm4h8fnjiZmXcnCrmwogAc6R3YTxFXax15wezfuyCUw==}

  eastasianwidth@0.2.0:
    resolution: {integrity: sha512-I88TYZWc9XiYHRQ4/3c5rjjfgkjhLyW2luGIheGERbNQ6OY7yTybanSpDXZa8y7VUP9YmDcYa+eyq4ca7iLqWA==}

  emoji-regex@8.0.0:
    resolution: {integrity: sha512-MSjYzcWNOA0ewAHpz0MxpYFvwg6yjy1NG3xteoqz644VCo/RPgnr1/GGt+ic3iJTzQ8Eu3TdM14SawnVUmGE6A==}

  emoji-regex@9.2.2:
    resolution: {integrity: sha512-L18DaJsXSUk2+42pv8mLs5jJT2hqFkFE4j21wOmgbUqsZ2hL72NsUU785g9RXgo3s0ZNgVl42TiHp3ZtOv/Vyg==}

  estree-walker@0.6.1:
    resolution: {integrity: sha512-SqmZANLWS0mnatqbSfRP5g8OXZC12Fgg1IwNtLsyHDzJizORW4khDfjPqJZsemPWBB2uqykUah5YpQ6epsqC/w==}

  estree-walker@2.0.2:
    resolution: {integrity: sha512-Rfkk/Mp/DL7JVje3u18FxFujQlTNR2q6QfMSMB7AvCBx91NGj/ba3kCfza0f6dVDbw7YlRf/nDrn7pQrCCyQ/w==}

  find-cache-dir@3.3.2:
    resolution: {integrity: sha512-wXZV5emFEjrridIgED11OoUKLxiYjAcqot/NJdAkOhlJ+vGzwhOAfcG5OX1jP+S0PcjEn8bdMJv+g2jwQ3Onig==}
    engines: {node: '>=8'}

  find-up@4.1.0:
    resolution: {integrity: sha512-PpOwAdQ/YlXQ2vj8a3h8IipDuYRi3wceVQQGYWxNINccq40Anw7BlsEXCMbt1Zt+OLA6Fq9suIpIWD0OsnISlw==}
    engines: {node: '>=8'}

  find-up@5.0.0:
    resolution: {integrity: sha512-78/PXT1wlLLDgTzDs7sjq9hzz0vXD+zn+7wypEe4fXQxCmdmqfGsEPQxmiCSQI3ajFV91bVSsvNtrJRiW6nGng==}
    engines: {node: '>=10'}

  foreground-child@3.2.1:
    resolution: {integrity: sha512-PXUUyLqrR2XCWICfv6ukppP96sdFwWbNEnfEMt7jNsISjMsvaLNinAHNDYyvkyU+SZG2BTSbT5NjG+vZslfGTA==}
    engines: {node: '>=14'}

  fs-extra@10.1.0:
    resolution: {integrity: sha512-oRXApq54ETRj4eMiFzGnHWGy+zo5raudjuxN0b8H7s/RU2oW0Wvsx9O0ACRN/kRq9E8Vu/ReskGB5o3ji+FzHQ==}
    engines: {node: '>=12'}

  fsevents@2.3.3:
    resolution: {integrity: sha512-5xoDfX+fL7faATnagmWPpbFtwh/R77WmMMqqHGS65C3vvB0YHrgF+B1YmZ3441tMj5n63k0212XNoJwzlhffQw==}
    engines: {node: ^8.16.0 || ^10.6.0 || >=11.0.0}
    os: [darwin]

  function-bind@1.1.2:
    resolution: {integrity: sha512-7XHNxH7qX9xG5mIwxkhumTox/MIRNcOgDrxWsMt2pAr23WHp6MrRlN7FBSFpCpr+oVO0F744iUgR82nJMfG2SA==}

  glob@10.4.2:
    resolution: {integrity: sha512-GwMlUF6PkPo3Gk21UxkCohOv0PLcIXVtKyLlpEI28R/cO/4eNOdmLk3CMW1wROV/WR/EsZOWAfBbBOqYvs88/w==}
    engines: {node: '>=16 || 14 >=14.18'}
    hasBin: true

  graceful-fs@4.2.11:
    resolution: {integrity: sha512-RbJ5/jmFcNNCcDV5o9eTnBLJ/HszWV0P73bc+Ff4nS/rJj+YaS6IGyiOL0VoBYX+l1Wrl3k63h/KrH+nhJ0XvQ==}

  hasown@2.0.2:
    resolution: {integrity: sha512-0hJU9SCPvmMzIBdZFqNPXWa6dqh7WdH0cII9y+CyS8rG3nL48Bclra9HmKhVVUHyPWNH5Y7xDwAB7bfgSjkUMQ==}
    engines: {node: '>= 0.4'}

  is-builtin-module@3.2.1:
    resolution: {integrity: sha512-BSLE3HnV2syZ0FK0iMA/yUGplUeMmNz4AW5fnTunbCIqZi4vG3WjJT9FHMy5D69xmAYBHXQhJdALdpwVxV501A==}
    engines: {node: '>=6'}

  is-core-module@2.14.0:
    resolution: {integrity: sha512-a5dFJih5ZLYlRtDc0dZWP7RiKr6xIKzmn/oAYCDvdLThadVgyJwlaoQPmRtMSpz+rk0OGAgIu+TcM9HUF0fk1A==}
    engines: {node: '>= 0.4'}

  is-fullwidth-code-point@3.0.0:
    resolution: {integrity: sha512-zymm5+u+sCsSWyD9qNaejV3DFvhCKclKdizYaJUuHA83RLjb7nSuGnddCHGv0hk+KY7BMAlsWeK4Ueg6EV6XQg==}
    engines: {node: '>=8'}

  is-module@1.0.0:
    resolution: {integrity: sha512-51ypPSPCoTEIN9dy5Oy+h4pShgJmPCygKfyRCISBI+JoWT/2oJvK8QPxmwv7b/p239jXrm9M1mlQbyKJ5A152g==}

  is-reference@1.2.1:
    resolution: {integrity: sha512-U82MsXXiFIrjCK4otLT+o2NA2Cd2g5MLoOVXUZjIOhLurrRxpEXzI8O0KZHr3IjLvlAH1kTPYSuqer5T9ZVBKQ==}

  isexe@2.0.0:
    resolution: {integrity: sha512-RHxMLp9lnKHGHRng9QFhRCMbYAcVpn69smSGcq3f36xjgVVWThj4qqLbTLlq7Ssj8B+fIQ1EuCEGI2lKsyQeIw==}

  jackspeak@3.4.0:
    resolution: {integrity: sha512-JVYhQnN59LVPFCEcVa2C3CrEKYacvjRfqIQl+h8oi91aLYQVWRYbxjPcv1bUiUy/kLmQaANrYfNMCO3kuEDHfw==}
    engines: {node: '>=14'}

  jsonata@2.0.5:
    resolution: {integrity: sha512-wEse9+QLIIU5IaCgtJCPsFi/H4F3qcikWzF4bAELZiRz08ohfx3Q6CjDRf4ZPF5P/92RI3KIHtb7u3jqPaHXdQ==}
    engines: {node: '>= 8'}

  jsonfile@6.1.0:
    resolution: {integrity: sha512-5dgndWOriYSm5cnYaJNhalLNDKOqFwyDB/rr1E9ZsGciGvKPs8R2xYGCacuf3z6K1YKDz182fd+fY3cn3pMqXQ==}

  kleur@4.1.5:
    resolution: {integrity: sha512-o+NO+8WrRiQEE4/7nwRJhN1HWpVmJm511pBHUxPLtp0BUISzlBplORYSmTclCnJvQq2tKu/sgl3xVpkc7ZWuQQ==}
    engines: {node: '>=6'}

  locate-path@5.0.0:
    resolution: {integrity: sha512-t7hw9pI+WvuwNJXwk5zVHpyhIqzg2qTlklJOf0mVxGSbe3Fp2VieZcduNYjaLDoy6p9uGpQEGWG87WpMKlNq8g==}
    engines: {node: '>=8'}

  locate-path@6.0.0:
    resolution: {integrity: sha512-iPZK6eYjbxRu3uB4/WZ3EsEIMJFMqAoopl3R+zuq0UjcAm/MO6KCweDgPfP3elTztoKP3KtnVHxTn2NHBSDVUw==}
    engines: {node: '>=10'}

  lodash@4.17.21:
    resolution: {integrity: sha512-v2kDEe57lecTulaDIuNTPy3Ry4gLGJ6Z1O3vE1krgXZNrsQ+LFTGHVxVjcXPs17LhbZVGedAJv8XZ1tvj5FvSg==}

  lru-cache@10.3.0:
    resolution: {integrity: sha512-CQl19J/g+Hbjbv4Y3mFNNXFEL/5t/KCg8POCuUqd4rMKjGG+j1ybER83hxV58zL+dFI1PTkt3GNFSHRt+d8qEQ==}
    engines: {node: 14 || >=16.14}

  magic-string@0.30.10:
    resolution: {integrity: sha512-iIRwTIf0QKV3UAnYK4PU8uiEc4SRh5jX0mwpIwETPpHdhVM4f53RSwS/vXvN1JhGX+Cs7B8qIq3d6AH49O5fAQ==}

  make-dir@3.1.0:
    resolution: {integrity: sha512-g3FeP20LNwhALb/6Cz6Dd4F2ngze0jz7tbzrD2wAV+o9FeNHe4rL+yK2md0J/fiSf1sa1ADhXqi5+oVwOM/eGw==}
    engines: {node: '>=8'}

  minimatch@9.0.5:
    resolution: {integrity: sha512-G6T0ZX48xgozx7587koeX9Ys2NYy6Gmv//P89sEte9V9whIapMNF4idKxnW2QtCcLiTWlb/wfCabAtAFWhhBow==}
    engines: {node: '>=16 || 14 >=14.17'}

  minipass@7.1.2:
    resolution: {integrity: sha512-qOOzS1cBTWYF4BH8fVePDBOO9iptMnGUEZwNc/cMWnTV2nVLZ7VoNWEPHkYczZA0pdoA7dl6e7FL659nX9S2aw==}
    engines: {node: '>=16 || 14 >=14.17'}

  p-limit@2.3.0:
    resolution: {integrity: sha512-//88mFWSJx8lxCzwdAABTJL2MyWB12+eIY7MDL2SqLmAkeKU9qxRvWuSyTjm3FUmpBEMuFfckAIqEaVGUDxb6w==}
    engines: {node: '>=6'}

  p-limit@3.1.0:
    resolution: {integrity: sha512-TYOanM3wGwNGsZN2cVTYPArw454xnXj5qmWF1bEoAc4+cU/ol7GVh7odevjp1FNHduHc3KZMcFduxU5Xc6uJRQ==}
    engines: {node: '>=10'}

  p-locate@4.1.0:
    resolution: {integrity: sha512-R79ZZ/0wAxKGu3oYMlz8jy/kbhsNrS7SKZ7PxEHBgJ5+F2mtFW2fK2cOtBh1cHYkQsbzFV7I+EoRKe6Yt0oK7A==}
    engines: {node: '>=8'}

  p-locate@5.0.0:
    resolution: {integrity: sha512-LaNjtRWUBY++zB5nE/NwcaoMylSPk+S+ZHNB1TzdbMJMny6dynpAGt7X/tl/QYq3TIeE6nxHppbo2LGymrG5Pw==}
    engines: {node: '>=10'}

  p-try@2.2.0:
    resolution: {integrity: sha512-R4nPAVTAU0B9D35/Gk3uJf/7XYbQcyohSKdvAxIRSNghFl4e71hVoGnBNQz9cWaXxO2I10KTC+3jMdvvoKw6dQ==}
    engines: {node: '>=6'}

  package-json-from-dist@1.0.0:
    resolution: {integrity: sha512-dATvCeZN/8wQsGywez1mzHtTlP22H8OEfPrVMLNr4/eGa+ijtLn/6M5f0dY8UKNrC2O9UCU6SSoG3qRKnt7STw==}

  path-exists@4.0.0:
    resolution: {integrity: sha512-ak9Qy5Q7jYb2Wwcey5Fpvg2KoAc/ZIhLSLOSBmRmygPsGwkVVt0fZa0qrtMz+m6tJTAHfZQ8FnmB4MG4LWy7/w==}
    engines: {node: '>=8'}

  path-key@3.1.1:
    resolution: {integrity: sha512-ojmeN0qd+y0jszEtoY48r0Peq5dwMEkIlCOu6Q5f41lfkswXuKtYrhgoTpLnyIcHm24Uhqx+5Tqm2InSwLhE6Q==}
    engines: {node: '>=8'}

  path-parse@1.0.7:
    resolution: {integrity: sha512-LDJzPVEEEPR+y48z93A0Ed0yXb8pAByGWo/k5YYdYgpY2/2EsOsksJrq7lOHxryrVOn1ejG6oAp8ahvOIQD8sw==}

  path-scurry@1.11.1:
    resolution: {integrity: sha512-Xa4Nw17FS9ApQFJ9umLiJS4orGjm7ZzwUrwamcGQuHSzDyth9boKDaycYdDcZDuqYATXw4HFXgaqWTctW/v1HA==}
    engines: {node: '>=16 || 14 >=14.18'}

  picomatch@2.3.1:
    resolution: {integrity: sha512-JU3teHTNjmE2VCGFzuY8EXzCDVwEqB2a8fsIvwaStHhAWJEeVd1o1QD80CU6+ZdEXXSLbSsuLwJjkCBWqRQUVA==}
    engines: {node: '>=8.6'}

  pkg-dir@4.2.0:
    resolution: {integrity: sha512-HRDzbaKjC+AOWVXxAU/x54COGeIv9eb+6CkDSQoNTt4XyWoIJvuPsXizxu/Fr23EiekbtZwmh1IcIG/l/a10GQ==}
    engines: {node: '>=8'}

  pkg-dir@5.0.0:
    resolution: {integrity: sha512-NPE8TDbzl/3YQYY7CSS228s3g2ollTFnc+Qi3tqmqJp9Vg2ovUpixcJEo2HJScN2Ez+kEaal6y70c0ehqJBJeA==}
    engines: {node: '>=10'}

  pkgbld@1.32.0:
    resolution: {integrity: sha512-y8C/WAVPQWls2I95XBbXp8seC+usfb04eKVqL2fDVDf3HInZAsKaPCOdDQdHIP+FKBNsU9/+9l/VVhf2CBjhKA==}
    engines: {node: '>=20'}
    hasBin: true
    peerDependencies:
      typescript: '>=5.3.3'

  preprocess@3.2.0:
    resolution: {integrity: sha512-cO+Rf+Ose/eD+ze8Hxd9p9nS1xT8thYqv8owG/V8+IS/Remd7Z17SvaRK/oJxp08yaM8zb+QTckDKJUul2pk7g==}
    engines: {node: '>= 0.10.0'}

  randombytes@2.1.0:
    resolution: {integrity: sha512-vYl3iOX+4CKUWuxGi9Ukhie6fsqXqS9FE2Zaic4tNFD2N2QQaXOMFbuKK4QmDHC0JO6B1Zp41J0LpT0oR68amQ==}

  resolve@1.22.8:
    resolution: {integrity: sha512-oKWePCxqpd6FlLvGV1VU0x7bkPmmCNolxzjMf4NczoDnQcIWrAF+cPtZn5i6n+RfD2d9i0tzpKnG6Yk168yIyw==}
    hasBin: true

  rollup-plugin-preprocess@0.0.4:
    resolution: {integrity: sha512-x+TZvHribvYCf2MUVz/u+KMsX0jpqmMFl7CqcFz7skHc9DLhiGcC94os/keWsfo01bBb2k3a+gJRtGvwn1di0g==}
    engines: {node: '>=4.0.0', npm: '>=3.0.0'}

  rollup-plugin-typescript2@0.36.0:
    resolution: {integrity: sha512-NB2CSQDxSe9+Oe2ahZbf+B4bh7pHwjV5L+RSYpCu7Q5ROuN94F9b6ioWwKfz3ueL3KTtmX4o2MUH2cgHDIEUsw==}
    peerDependencies:
      rollup: '>=1.26.3'
      typescript: '>=2.4.0'

  rollup-pluginutils@2.8.2:
    resolution: {integrity: sha512-EEp9NhnUkwY8aif6bxgovPHMoMoNr2FulJziTndpt5H9RdwC47GSGuII9XxpSdzVGM0GWrNPHV6ie1LTNJPaLQ==}

  rollup@4.18.0:
    resolution: {integrity: sha512-QmJz14PX3rzbJCN1SG4Xe/bAAX2a6NpCP8ab2vfu2GiUr8AQcr2nCV/oEO3yneFarB67zk8ShlIyWb2LGTb3Sg==}
    engines: {node: '>=18.0.0', npm: '>=8.0.0'}
    hasBin: true

  safe-buffer@5.2.1:
    resolution: {integrity: sha512-rp3So07KcdmmKbGvgaNxQSJr7bGVSVk5S9Eq1F+ppbRo70+YeaDxkw5Dd8NPN+GD6bjnYm2VuPuCXmpuYvmCXQ==}

  semver@6.3.1:
    resolution: {integrity: sha512-BR7VvDCVHO+q2xBEWskxS6DJE1qRnb7DxzUrogb71CWoSficBxYsiAGd+Kl0mmq/MprG9yArRkyrQxTO6XjMzA==}
    hasBin: true

  semver@7.6.2:
    resolution: {integrity: sha512-FNAIBWCx9qcRhoHcgcJ0gvU7SN1lYU2ZXuSfl04bSC5OpvDHFyJCjdNHomPXxjQlCBU67YW64PzY7/VIEH7F2w==}
    engines: {node: '>=10'}
    hasBin: true

  serialize-javascript@6.0.2:
    resolution: {integrity: sha512-Saa1xPByTTq2gdeFZYLLo+RFE35NHZkAbqZeWNd3BpzppeVisAqpDjcp8dyf6uIvEqJRd46jemmyA4iFIeVk8g==}

  shebang-command@2.0.0:
    resolution: {integrity: sha512-kHxr2zZpYtdmrN1qDjrrX/Z1rR1kG8Dx+gkpK1G4eXmvXswmcE1hTWBWYUzlraYw1/yZp6YuDY77YtvbN0dmDA==}
    engines: {node: '>=8'}

  shebang-regex@3.0.0:
    resolution: {integrity: sha512-7++dFhtcx3353uBaq8DDR4NuxBetBzC7ZQOhmTQInHEd6bSrXdiEyzCvG07Z44UYdLShWUyXt5M/yhz8ekcb1A==}
    engines: {node: '>=8'}

  signal-exit@4.1.0:
    resolution: {integrity: sha512-bzyZ1e88w9O1iNJbKnOlvYTrWPDl46O1bG0D3XInv+9tkPrxrN8jUUTiFlDkkmKWgn1M6CfIA13SuGqOa9Korw==}
    engines: {node: '>=14'}

  smob@1.5.0:
    resolution: {integrity: sha512-g6T+p7QO8npa+/hNx9ohv1E5pVCmWrVCUzUXJyLdMmftX6ER0oiWY/w9knEonLpnOp6b6FenKnMfR8gqwWdwig==}

  source-map-support@0.5.21:
    resolution: {integrity: sha512-uBHU3L3czsIyYXKX88fdrGovxdSCoTGDRZ6SYXtSRxLZUzHg5P/66Ht6uoUlHu9EZod+inXhKo3qQgwXUT/y1w==}

  source-map@0.6.1:
    resolution: {integrity: sha512-UjgapumWlbMhkBgzT7Ykc5YXUT46F0iKu8SGXq0bcwP5dz/h0Plj6enJqjz1Zbq2l5WaqYnrVbwWOWMyF3F47g==}
    engines: {node: '>=0.10.0'}

  string-width@4.2.3:
    resolution: {integrity: sha512-wKyQRQpjJ0sIp62ErSZdGsjMJWsap5oRNihHhu6G7JVO/9jIB6UyevL+tXuOqrng8j/cxKTWyWUwvSTriiZz/g==}
    engines: {node: '>=8'}

  string-width@5.1.2:
    resolution: {integrity: sha512-HnLOCR3vjcY8beoNLtcjZ5/nxn2afmME6lhrDrebokqMap+XbeW8n9TXpPDOqdGK5qcI3oT0GKTW6wC7EMiVqA==}
    engines: {node: '>=12'}

  strip-ansi@6.0.1:
    resolution: {integrity: sha512-Y38VPSHcqkFrCpFnQ9vuSXmquuv5oXOKpGeT6aGrr3o3Gc9AlVa6JBfUSOCnbxGGZF+/0ooI7KrPuUSztUdU5A==}
    engines: {node: '>=8'}

  strip-ansi@7.1.0:
    resolution: {integrity: sha512-iq6eVVI64nQQTRYq2KtEg2d2uU7LElhTJwsH4YzIHZshxlgZms/wIc4VoDQTlG/IvVIrBKG06CrZnp0qv7hkcQ==}
    engines: {node: '>=12'}

  supports-preserve-symlinks-flag@1.0.0:
    resolution: {integrity: sha512-ot0WnXS9fgdkgIcePe6RHNk1WA8+muPa6cSjeR3V8K27q9BB1rTE3R1p7Hv0z1ZyAc8s6Vvv8DIyWf681MAt0w==}
    engines: {node: '>= 0.4'}

  terminal-columns@1.4.1:
    resolution: {integrity: sha512-IKVL/itiMy947XWVv4IHV7a0KQXvKjj4ptbi7Ew9MPMcOLzkiQeyx3Gyvh62hKrfJ0RZc4M1nbhzjNM39Kyujw==}

  terser@5.31.1:
    resolution: {integrity: sha512-37upzU1+viGvuFtBo9NPufCb9dwM0+l9hMxYyWfBA+fbwrPqNJAhbZ6W47bBFnZHKHTUBnMvi87434qq+qnxOg==}
    engines: {node: '>=10'}
    hasBin: true

  tslib@2.6.3:
    resolution: {integrity: sha512-xNvxJEOUiWPGhUuUdQgAJPKOOJfGnIyKySOc09XkKsgdUV/3E2zvwZYdejjmRgPCgcym1juLH3226yA7sEFJKQ==}

  type-flag@3.0.0:
    resolution: {integrity: sha512-3YaYwMseXCAhBB14RXW5cRQfJQlEknS6i4C8fCfeUdS3ihG9EdccdR9kt3vP73ZdeTGmPb4bZtkDn5XMIn1DLA==}

  typescript@5.5.3:
    resolution: {integrity: sha512-/hreyEujaB0w76zKo6717l3L0o/qEUtRgdvUBvlkhoWeOVMjMuHNHk0BRBzikzuGDqNmPQbg5ifMEqsHLiIUcQ==}
    engines: {node: '>=14.17'}
    hasBin: true

  undici-types@5.26.5:
    resolution: {integrity: sha512-JlCMO+ehdEIKqlFxk6IfVoAUVmgz7cU7zD/h9XZ0qzeosSHmUJVOzSQvvYSYWXkFXC+IfLKSIffhv0sVZup6pA==}

  universalify@2.0.1:
    resolution: {integrity: sha512-gptHNQghINnc/vTGIk0SOFGFNXw7JVrlRUtConJRlvaw6DuX0wO5Jeko9sWrMBhh+PsYAZ7oXAiOnf/UKogyiw==}
    engines: {node: '>= 10.0.0'}

  which@2.0.2:
    resolution: {integrity: sha512-BLI3Tl1TW3Pvl70l3yq3Y64i+awpwXqsGBYWkkqMtnbXgrMD+yj7rhW0kuEDxzJaYXGjEW5ogapKNMEKNMjibA==}
    engines: {node: '>= 8'}
    hasBin: true

  wrap-ansi@7.0.0:
    resolution: {integrity: sha512-YVGIj2kamLSTxw6NsZjoBxfSwsn0ycdesmc4p+Q21c5zPuZ1pl+NfxVdxPtdHvmNVOQ6XSYG4AUtyt/Fi7D16Q==}
    engines: {node: '>=10'}

  wrap-ansi@8.1.0:
    resolution: {integrity: sha512-si7QWI6zUMq56bESFvagtmzMdGOtoxfR+Sez11Mobfc7tm+VkUckk9bW2UeffTGVUbOksxmSw0AA2gs8g71NCQ==}
    engines: {node: '>=12'}

  xregexp@3.1.0:
    resolution: {integrity: sha512-4Y1x6DyB8xRoxosooa6PlGWqmmSKatbzhrftZ7Purmm4B8R4qIEJG1A2hZsdz5DhmIqS0msC0I7KEq93GphEVg==}

  yocto-queue@0.1.0:
    resolution: {integrity: sha512-rVksvsnNCdJ/ohGc6xgPwyN8eheCxsiLM8mxuE/t/mOVqJewPuO1miLpTHQiRgTKCLexL4MeAFVagts7HmNZ2Q==}
    engines: {node: '>=10'}

snapshots:

  '@isaacs/cliui@8.0.2':
    dependencies:
      string-width: 5.1.2
      string-width-cjs: string-width@4.2.3
      strip-ansi: 7.1.0
      strip-ansi-cjs: strip-ansi@6.0.1
      wrap-ansi: 8.1.0
      wrap-ansi-cjs: wrap-ansi@7.0.0

  '@jridgewell/gen-mapping@0.3.5':
    dependencies:
      '@jridgewell/set-array': 1.2.1
      '@jridgewell/sourcemap-codec': 1.4.15
      '@jridgewell/trace-mapping': 0.3.25

  '@jridgewell/resolve-uri@3.1.2': {}

  '@jridgewell/set-array@1.2.1': {}

  '@jridgewell/source-map@0.3.6':
    dependencies:
      '@jridgewell/gen-mapping': 0.3.5
      '@jridgewell/trace-mapping': 0.3.25

  '@jridgewell/sourcemap-codec@1.4.15': {}

  '@jridgewell/trace-mapping@0.3.25':
    dependencies:
      '@jridgewell/resolve-uri': 3.1.2
      '@jridgewell/sourcemap-codec': 1.4.15

  '@niceties/draftlog-appender@1.3.3(@niceties/logger@1.1.13)':
    dependencies:
      '@niceties/logger': 1.1.13
      '@slimlib/list': 1.0.10
      draftlog: 1.0.13

  '@niceties/logger@1.1.13':
    dependencies:
      kleur: 4.1.5

  '@pkgjs/parseargs@0.11.0':
    optional: true

  '@rollup-extras/plugin-binify@1.1.10(rollup@4.18.0)':
    dependencies:
      '@niceties/logger': 1.1.13
      '@rollup-extras/utils': 1.4.5(rollup@4.18.0)
    optionalDependencies:
      rollup: 4.18.0

  '@rollup-extras/plugin-clean@1.3.9(rollup@4.18.0)':
    dependencies:
      '@niceties/logger': 1.1.13
      '@rollup-extras/utils': 1.4.5(rollup@4.18.0)
    optionalDependencies:
      rollup: 4.18.0

  '@rollup-extras/plugin-externals@1.2.2(rollup@4.18.0)':
    dependencies:
      '@niceties/logger': 1.1.13
      '@rollup-extras/utils': 1.4.5(rollup@4.18.0)
      is-builtin-module: 3.2.1
      pkg-dir: 5.0.0
    optionalDependencies:
      rollup: 4.18.0

  '@rollup-extras/utils@1.4.5(rollup@4.18.0)':
    dependencies:
      '@niceties/logger': 1.1.13
    optionalDependencies:
      rollup: 4.18.0

  '@rollup/plugin-commonjs@26.0.1(rollup@4.18.0)':
    dependencies:
      '@rollup/pluginutils': 5.1.0(rollup@4.18.0)
      commondir: 1.0.1
      estree-walker: 2.0.2
      glob: 10.4.2
      is-reference: 1.2.1
      magic-string: 0.30.10
    optionalDependencies:
      rollup: 4.18.0

  '@rollup/plugin-json@6.1.0(rollup@4.18.0)':
    dependencies:
      '@rollup/pluginutils': 5.1.0(rollup@4.18.0)
    optionalDependencies:
      rollup: 4.18.0

  '@rollup/plugin-node-resolve@15.2.3(rollup@4.18.0)':
    dependencies:
      '@rollup/pluginutils': 5.1.0(rollup@4.18.0)
      '@types/resolve': 1.20.2
      deepmerge: 4.3.1
      is-builtin-module: 3.2.1
      is-module: 1.0.0
      resolve: 1.22.8
    optionalDependencies:
      rollup: 4.18.0

  '@rollup/plugin-terser@0.4.4(rollup@4.18.0)':
    dependencies:
      serialize-javascript: 6.0.2
      smob: 1.5.0
      terser: 5.31.1
    optionalDependencies:
      rollup: 4.18.0

  '@rollup/pluginutils@4.2.1':
    dependencies:
      estree-walker: 2.0.2
      picomatch: 2.3.1

  '@rollup/pluginutils@5.1.0(rollup@4.18.0)':
    dependencies:
      '@types/estree': 1.0.5
      estree-walker: 2.0.2
      picomatch: 2.3.1
    optionalDependencies:
      rollup: 4.18.0

  '@rollup/rollup-android-arm-eabi@4.18.0':
    optional: true

  '@rollup/rollup-android-arm64@4.18.0':
    optional: true

  '@rollup/rollup-darwin-arm64@4.18.0':
    optional: true

  '@rollup/rollup-darwin-x64@4.18.0':
    optional: true

  '@rollup/rollup-linux-arm-gnueabihf@4.18.0':
    optional: true

  '@rollup/rollup-linux-arm-musleabihf@4.18.0':
    optional: true

  '@rollup/rollup-linux-arm64-gnu@4.18.0':
    optional: true

  '@rollup/rollup-linux-arm64-musl@4.18.0':
    optional: true

  '@rollup/rollup-linux-powerpc64le-gnu@4.18.0':
    optional: true

  '@rollup/rollup-linux-riscv64-gnu@4.18.0':
    optional: true

  '@rollup/rollup-linux-s390x-gnu@4.18.0':
    optional: true

  '@rollup/rollup-linux-x64-gnu@4.18.0':
    optional: true

  '@rollup/rollup-linux-x64-musl@4.18.0':
    optional: true

  '@rollup/rollup-win32-arm64-msvc@4.18.0':
    optional: true

  '@rollup/rollup-win32-ia32-msvc@4.18.0':
    optional: true

  '@rollup/rollup-win32-x64-msvc@4.18.0':
    optional: true

  '@slimlib/list@1.0.10': {}

  '@slimlib/refine-partition@1.0.3': {}

  '@slimlib/smart-mock@0.1.6': {}

  '@types/estree@1.0.5': {}

  '@types/node@20.14.9':
    dependencies:
      undici-types: 5.26.5

  '@types/resolve@1.20.2': {}

  acorn@8.12.0: {}

  ansi-regex@5.0.1: {}

  ansi-regex@6.0.1: {}

  ansi-styles@4.3.0:
    dependencies:
      color-convert: 2.0.1

  ansi-styles@6.2.1: {}

  async-functions-pool@1.0.1: {}

  balanced-match@1.0.2: {}

  brace-expansion@2.0.1:
    dependencies:
      balanced-match: 1.0.2

  buffer-from@1.1.2: {}

  builtin-modules@3.3.0: {}

  cleye@1.3.2:
    dependencies:
      terminal-columns: 1.4.1
      type-flag: 3.0.0

  color-convert@2.0.1:
    dependencies:
      color-name: 1.1.4

  color-name@1.1.4: {}

  commander@2.20.3: {}

  commondir@1.0.1: {}

  cross-spawn@7.0.3:
    dependencies:
      path-key: 3.1.1
      shebang-command: 2.0.0
      which: 2.0.2

  deepmerge@4.3.1: {}

  draftlog@1.0.13: {}

  eastasianwidth@0.2.0: {}

  emoji-regex@8.0.0: {}

  emoji-regex@9.2.2: {}

  estree-walker@0.6.1: {}

  estree-walker@2.0.2: {}

  find-cache-dir@3.3.2:
    dependencies:
      commondir: 1.0.1
      make-dir: 3.1.0
      pkg-dir: 4.2.0

  find-up@4.1.0:
    dependencies:
      locate-path: 5.0.0
      path-exists: 4.0.0

  find-up@5.0.0:
    dependencies:
      locate-path: 6.0.0
      path-exists: 4.0.0

  foreground-child@3.2.1:
    dependencies:
      cross-spawn: 7.0.3
      signal-exit: 4.1.0

  fs-extra@10.1.0:
    dependencies:
      graceful-fs: 4.2.11
      jsonfile: 6.1.0
      universalify: 2.0.1

  fsevents@2.3.3:
    optional: true

  function-bind@1.1.2: {}

  glob@10.4.2:
    dependencies:
      foreground-child: 3.2.1
      jackspeak: 3.4.0
      minimatch: 9.0.5
      minipass: 7.1.2
      package-json-from-dist: 1.0.0
      path-scurry: 1.11.1

  graceful-fs@4.2.11: {}

  hasown@2.0.2:
    dependencies:
      function-bind: 1.1.2

  is-builtin-module@3.2.1:
    dependencies:
      builtin-modules: 3.3.0

  is-core-module@2.14.0:
    dependencies:
      hasown: 2.0.2

  is-fullwidth-code-point@3.0.0: {}

  is-module@1.0.0: {}

  is-reference@1.2.1:
    dependencies:
      '@types/estree': 1.0.5

  isexe@2.0.0: {}

  jackspeak@3.4.0:
    dependencies:
      '@isaacs/cliui': 8.0.2
    optionalDependencies:
      '@pkgjs/parseargs': 0.11.0

  jsonata@2.0.5: {}

  jsonfile@6.1.0:
    dependencies:
      universalify: 2.0.1
    optionalDependencies:
      graceful-fs: 4.2.11

  kleur@4.1.5: {}

  locate-path@5.0.0:
    dependencies:
      p-locate: 4.1.0

  locate-path@6.0.0:
    dependencies:
      p-locate: 5.0.0

  lodash@4.17.21: {}

  lru-cache@10.3.0: {}

  magic-string@0.30.10:
    dependencies:
      '@jridgewell/sourcemap-codec': 1.4.15

  make-dir@3.1.0:
    dependencies:
      semver: 6.3.1

  minimatch@9.0.5:
    dependencies:
      brace-expansion: 2.0.1

  minipass@7.1.2: {}

  p-limit@2.3.0:
    dependencies:
      p-try: 2.2.0

  p-limit@3.1.0:
    dependencies:
      yocto-queue: 0.1.0

  p-locate@4.1.0:
    dependencies:
      p-limit: 2.3.0

  p-locate@5.0.0:
    dependencies:
      p-limit: 3.1.0

  p-try@2.2.0: {}

  package-json-from-dist@1.0.0: {}

  path-exists@4.0.0: {}

  path-key@3.1.1: {}

  path-parse@1.0.7: {}

  path-scurry@1.11.1:
    dependencies:
      lru-cache: 10.3.0
      minipass: 7.1.2

  picomatch@2.3.1: {}

  pkg-dir@4.2.0:
    dependencies:
      find-up: 4.1.0

  pkg-dir@5.0.0:
    dependencies:
      find-up: 5.0.0

  pkgbld@1.32.0(typescript@5.5.3):
    dependencies:
      '@niceties/draftlog-appender': 1.3.3(@niceties/logger@1.1.13)
      '@niceties/logger': 1.1.13
      '@rollup-extras/plugin-binify': 1.1.10(rollup@4.18.0)
      '@rollup-extras/plugin-clean': 1.3.9(rollup@4.18.0)
      '@rollup-extras/plugin-externals': 1.2.2(rollup@4.18.0)
      '@rollup/plugin-commonjs': 26.0.1(rollup@4.18.0)
      '@rollup/plugin-json': 6.1.0(rollup@4.18.0)
      '@rollup/plugin-node-resolve': 15.2.3(rollup@4.18.0)
      '@rollup/plugin-terser': 0.4.4(rollup@4.18.0)
      '@slimlib/refine-partition': 1.0.3
      '@slimlib/smart-mock': 0.1.6
      cleye: 1.3.2
      is-builtin-module: 3.2.1
      jsonata: 2.0.5
      kleur: 4.1.5
      lodash: 4.17.21
      rollup: 4.18.0
      rollup-plugin-preprocess: 0.0.4
      rollup-plugin-typescript2: 0.36.0(rollup@4.18.0)(typescript@5.5.3)
      terser: 5.31.1
      typescript: 5.5.3

  preprocess@3.2.0:
    dependencies:
      xregexp: 3.1.0

  randombytes@2.1.0:
    dependencies:
      safe-buffer: 5.2.1

  resolve@1.22.8:
    dependencies:
      is-core-module: 2.14.0
      path-parse: 1.0.7
      supports-preserve-symlinks-flag: 1.0.0

  rollup-plugin-preprocess@0.0.4:
    dependencies:
      preprocess: 3.2.0
      rollup-pluginutils: 2.8.2

  rollup-plugin-typescript2@0.36.0(rollup@4.18.0)(typescript@5.5.3):
    dependencies:
      '@rollup/pluginutils': 4.2.1
      find-cache-dir: 3.3.2
      fs-extra: 10.1.0
      rollup: 4.18.0
      semver: 7.6.2
      tslib: 2.6.3
      typescript: 5.5.3

  rollup-pluginutils@2.8.2:
    dependencies:
      estree-walker: 0.6.1

  rollup@4.18.0:
    dependencies:
      '@types/estree': 1.0.5
    optionalDependencies:
      '@rollup/rollup-android-arm-eabi': 4.18.0
      '@rollup/rollup-android-arm64': 4.18.0
      '@rollup/rollup-darwin-arm64': 4.18.0
      '@rollup/rollup-darwin-x64': 4.18.0
      '@rollup/rollup-linux-arm-gnueabihf': 4.18.0
      '@rollup/rollup-linux-arm-musleabihf': 4.18.0
      '@rollup/rollup-linux-arm64-gnu': 4.18.0
      '@rollup/rollup-linux-arm64-musl': 4.18.0
      '@rollup/rollup-linux-powerpc64le-gnu': 4.18.0
      '@rollup/rollup-linux-riscv64-gnu': 4.18.0
      '@rollup/rollup-linux-s390x-gnu': 4.18.0
      '@rollup/rollup-linux-x64-gnu': 4.18.0
      '@rollup/rollup-linux-x64-musl': 4.18.0
      '@rollup/rollup-win32-arm64-msvc': 4.18.0
      '@rollup/rollup-win32-ia32-msvc': 4.18.0
      '@rollup/rollup-win32-x64-msvc': 4.18.0
      fsevents: 2.3.3

  safe-buffer@5.2.1: {}

  semver@6.3.1: {}

  semver@7.6.2: {}

  serialize-javascript@6.0.2:
    dependencies:
      randombytes: 2.1.0

  shebang-command@2.0.0:
    dependencies:
      shebang-regex: 3.0.0

  shebang-regex@3.0.0: {}

  signal-exit@4.1.0: {}

  smob@1.5.0: {}

  source-map-support@0.5.21:
    dependencies:
      buffer-from: 1.1.2
      source-map: 0.6.1

  source-map@0.6.1: {}

  string-width@4.2.3:
    dependencies:
      emoji-regex: 8.0.0
      is-fullwidth-code-point: 3.0.0
      strip-ansi: 6.0.1

  string-width@5.1.2:
    dependencies:
      eastasianwidth: 0.2.0
      emoji-regex: 9.2.2
      strip-ansi: 7.1.0

  strip-ansi@6.0.1:
    dependencies:
      ansi-regex: 5.0.1

  strip-ansi@7.1.0:
    dependencies:
      ansi-regex: 6.0.1

  supports-preserve-symlinks-flag@1.0.0: {}

  terminal-columns@1.4.1: {}

  terser@5.31.1:
    dependencies:
      '@jridgewell/source-map': 0.3.6
      acorn: 8.12.0
      commander: 2.20.3
      source-map-support: 0.5.21

  tslib@2.6.3: {}

  type-flag@3.0.0: {}

  typescript@5.5.3: {}

  undici-types@5.26.5: {}

  universalify@2.0.1: {}

  which@2.0.2:
    dependencies:
      isexe: 2.0.0

  wrap-ansi@7.0.0:
    dependencies:
      ansi-styles: 4.3.0
      string-width: 4.2.3
      strip-ansi: 6.0.1

  wrap-ansi@8.1.0:
    dependencies:
      ansi-styles: 6.2.1
      string-width: 5.1.2
      strip-ansi: 7.1.0

  xregexp@3.1.0: {}

  yocto-queue@0.1.0: {}
